
Microsoft Visual Studio Solution File, Format Version 12.00
# Visual Studio 15
VisualStudioVersion = 15.0.28010.2050
MinimumVisualStudioVersion = 10.0.40219.1
Project("{FAE04EC0-301F-11D3-BF4B-00C04F79EFBC}") = "Chushka.Web", "Chushka\Chushka.Web.csproj", "{A816B1C5-AFE0-46C0-B850-0BF0733D47B9}"
EndProject
Project("{FAE04EC0-301F-11D3-BF4B-00C04F79EFBC}") = "Chushka.Data", "Chushka.Data\Chushka.Data.csproj", "{0ED4A9AE-509E-4A4F-A7DE-B69C905F41DE}"
EndProject
Project("{FAE04EC0-301F-11D3-BF4B-00C04F79EFBC}") = "Chushka.Models", "Chushka.Models\Chushka.Models.csproj", "{663F58A8-4572-4F4F-9D31-2BCA60750940}"
EndProject
Global
	GlobalSection(SolutionConfigurationPlatforms) = preSolution
		Debug|Any CPU = Debug|Any CPU
		Release|Any CPU = Release|Any CPU
	EndGlobalSection
	GlobalSection(ProjectConfigurationPlatforms) = postSolution
		{A816B1C5-AFE0-46C0-B850-0BF0733D47B9}.Debug|Any CPU.ActiveCfg = Debug|Any CPU
		{A816B1C5-AFE0-46C0-B850-0BF0733D47B9}.Debug|Any CPU.Build.0 = Debug|Any CPU
		{A816B1C5-AFE0-46C0-B850-0BF0733D47B9}.Release|Any CPU.ActiveCfg = Release|Any CPU
		{A816B1C5-AFE0-46C0-B850-0BF0733D47B9}.Release|Any CPU.Build.0 = Release|Any CPU
		{0ED4A9AE-509E-4A4F-A7DE-B69C905F41DE}.Debug|Any CPU.ActiveCfg = Debug|Any CPU
		{0ED4A9AE-509E-4A4F-A7DE-B69C905F41DE}.Debug|Any CPU.Build.0 = Debug|Any CPU
		{0ED4A9AE-509E-4A4F-A7DE-B69C905F41DE}.Release|Any CPU.ActiveCfg = Release|Any CPU
		{0ED4A9AE-509E-4A4F-A7DE-B69C905F41DE}.Release|Any CPU.Build.0 = Release|Any CPU
		{663F58A8-4572-4F4F-9D31-2BCA60750940}.Debug|Any CPU.ActiveCfg = Debug|Any CPU
		{663F58A8-4572-4F4F-9D31-2BCA60750940}.Debug|Any CPU.Build.0 = Debug|Any CPU
		{663F58A8-4572-4F4F-9D31-2BCA60750940}.Release|Any CPU.ActiveCfg = Release|Any CPU
		{663F58A8-4572-4F4F-9D31-2BCA60750940}.Release|Any CPU.Build.0 = Release|Any CPU
	EndGlobalSection
	GlobalSection(SolutionProperties) = preSolution
		HideSolutionNode = FALSE
	EndGlobalSection
	GlobalSection(ExtensibilityGlobals) = postSolution
		SolutionGuid = {6C315508-4DDA-4C1B-B29F-26D8125C990A}
	EndGlobalSection
EndGlobal
